
Microsoft Visual Studio Solution File, Format Version 12.00
# Visual Studio Version 16
VisualStudioVersion = 16.0.31702.278
MinimumVisualStudioVersion = 10.0.40219.1
Project("{FAE04EC0-301F-11D3-BF4B-00C04F79EFBC}") = "Console_App_LemonTree.1", "Console_App_LemonTree.1\Console_App_LemonTree.1.csproj", "{475051E0-78B4-498F-8DD5-6E32923FBF7A}"
EndProject
Global
	GlobalSection(SolutionConfigurationPlatforms) = preSolution
		Debug|Any CPU = Debug|Any CPU
		Release|Any CPU = Release|Any CPU
	EndGlobalSection
	GlobalSection(ProjectConfigurationPlatforms) = postSolution
		{475051E0-78B4-498F-8DD5-6E32923FBF7A}.Debug|Any CPU.ActiveCfg = Debug|Any CPU
		{475051E0-78B4-498F-8DD5-6E32923FBF7A}.Debug|Any CPU.Build.0 = Debug|Any CPU
		{475051E0-78B4-498F-8DD5-6E32923FBF7A}.Release|Any CPU.ActiveCfg = Release|Any CPU
		{475051E0-78B4-498F-8DD5-6E32923FBF7A}.Release|Any CPU.Build.0 = Release|Any CPU
	EndGlobalSection
	GlobalSection(SolutionProperties) = preSolution
		HideSolutionNode = FALSE
	EndGlobalSection
	GlobalSection(ExtensibilityGlobals) = postSolution
		SolutionGuid = {0FCB5057-020C-4606-B13F-ACA7CA64EA63}
	EndGlobalSection
EndGlobal
